
Microsoft Visual Studio Solution File, Format Version 12.00
# Visual Studio Version 17
VisualStudioVersion = 17.1.32210.238
MinimumVisualStudioVersion = 10.0.40219.1
Project("{FAE04EC0-301F-11D3-BF4B-00C04F79EFBC}") = "exercicio_lista2", "exercicio_lista2\exercicio_lista2.csproj", "{7321BF6D-DD4F-47C8-8344-3E5947BA44E8}"
EndProject
Global
	GlobalSection(SolutionConfigurationPlatforms) = preSolution
		Debug|Any CPU = Debug|Any CPU
		Release|Any CPU = Release|Any CPU
	EndGlobalSection
	GlobalSection(ProjectConfigurationPlatforms) = postSolution
		{7321BF6D-DD4F-47C8-8344-3E5947BA44E8}.Debug|Any CPU.ActiveCfg = Debug|Any CPU
		{7321BF6D-DD4F-47C8-8344-3E5947BA44E8}.Debug|Any CPU.Build.0 = Debug|Any CPU
		{7321BF6D-DD4F-47C8-8344-3E5947BA44E8}.Release|Any CPU.ActiveCfg = Release|Any CPU
		{7321BF6D-DD4F-47C8-8344-3E5947BA44E8}.Release|Any CPU.Build.0 = Release|Any CPU
	EndGlobalSection
	GlobalSection(SolutionProperties) = preSolution
		HideSolutionNode = FALSE
	EndGlobalSection
	GlobalSection(ExtensibilityGlobals) = postSolution
		SolutionGuid = {A6391955-C652-4D43-8910-A1A94DE7CDDD}
	EndGlobalSection
EndGlobal
