
Microsoft Visual Studio Solution File, Format Version 12.00
# Visual Studio Version 17
VisualStudioVersion = 17.1.32210.238
MinimumVisualStudioVersion = 10.0.40219.1
Project("{FAE04EC0-301F-11D3-BF4B-00C04F79EFBC}") = "exercicio_1", "exercicio_1\exercicio_1.csproj", "{DE173112-CCFC-47C4-8A7E-4B9177A0260E}"
EndProject
Global
	GlobalSection(SolutionConfigurationPlatforms) = preSolution
		Debug|Any CPU = Debug|Any CPU
		Release|Any CPU = Release|Any CPU
	EndGlobalSection
	GlobalSection(ProjectConfigurationPlatforms) = postSolution
		{DE173112-CCFC-47C4-8A7E-4B9177A0260E}.Debug|Any CPU.ActiveCfg = Debug|Any CPU
		{DE173112-CCFC-47C4-8A7E-4B9177A0260E}.Debug|Any CPU.Build.0 = Debug|Any CPU
		{DE173112-CCFC-47C4-8A7E-4B9177A0260E}.Release|Any CPU.ActiveCfg = Release|Any CPU
		{DE173112-CCFC-47C4-8A7E-4B9177A0260E}.Release|Any CPU.Build.0 = Release|Any CPU
	EndGlobalSection
	GlobalSection(SolutionProperties) = preSolution
		HideSolutionNode = FALSE
	EndGlobalSection
	GlobalSection(ExtensibilityGlobals) = postSolution
		SolutionGuid = {CCCF05EC-C671-4447-ACA5-9B71A2C10B80}
	EndGlobalSection
EndGlobal
