
Microsoft Visual Studio Solution File, Format Version 12.00
# Visual Studio Version 17
VisualStudioVersion = 17.1.32210.238
MinimumVisualStudioVersion = 10.0.40219.1
Project("{FAE04EC0-301F-11D3-BF4B-00C04F79EFBC}") = "ProjetoEntradaValores2022", "ProjetoEntradaValores2022\ProjetoEntradaValores2022.csproj", "{5B8DD116-B173-4067-8B4A-152EE973168E}"
EndProject
Global
	GlobalSection(SolutionConfigurationPlatforms) = preSolution
		Debug|Any CPU = Debug|Any CPU
		Release|Any CPU = Release|Any CPU
	EndGlobalSection
	GlobalSection(ProjectConfigurationPlatforms) = postSolution
		{5B8DD116-B173-4067-8B4A-152EE973168E}.Debug|Any CPU.ActiveCfg = Debug|Any CPU
		{5B8DD116-B173-4067-8B4A-152EE973168E}.Debug|Any CPU.Build.0 = Debug|Any CPU
		{5B8DD116-B173-4067-8B4A-152EE973168E}.Release|Any CPU.ActiveCfg = Release|Any CPU
		{5B8DD116-B173-4067-8B4A-152EE973168E}.Release|Any CPU.Build.0 = Release|Any CPU
	EndGlobalSection
	GlobalSection(SolutionProperties) = preSolution
		HideSolutionNode = FALSE
	EndGlobalSection
	GlobalSection(ExtensibilityGlobals) = postSolution
		SolutionGuid = {ACC3B0A1-4B74-4D36-9CD8-33AFF375E305}
	EndGlobalSection
EndGlobal
