
Microsoft Visual Studio Solution File, Format Version 12.00
# Visual Studio Version 17
VisualStudioVersion = 17.1.32210.238
MinimumVisualStudioVersion = 10.0.40219.1
Project("{FAE04EC0-301F-11D3-BF4B-00C04F79EFBC}") = "Atividade_jogo", "Atividade_jogo\Atividade_jogo.csproj", "{AFB0B027-C491-487C-9682-BF11545AFC20}"
EndProject
Global
	GlobalSection(SolutionConfigurationPlatforms) = preSolution
		Debug|Any CPU = Debug|Any CPU
		Release|Any CPU = Release|Any CPU
	EndGlobalSection
	GlobalSection(ProjectConfigurationPlatforms) = postSolution
		{AFB0B027-C491-487C-9682-BF11545AFC20}.Debug|Any CPU.ActiveCfg = Debug|Any CPU
		{AFB0B027-C491-487C-9682-BF11545AFC20}.Debug|Any CPU.Build.0 = Debug|Any CPU
		{AFB0B027-C491-487C-9682-BF11545AFC20}.Release|Any CPU.ActiveCfg = Release|Any CPU
		{AFB0B027-C491-487C-9682-BF11545AFC20}.Release|Any CPU.Build.0 = Release|Any CPU
	EndGlobalSection
	GlobalSection(SolutionProperties) = preSolution
		HideSolutionNode = FALSE
	EndGlobalSection
	GlobalSection(ExtensibilityGlobals) = postSolution
		SolutionGuid = {13996E90-B6A6-455F-9C26-2C9A57E69704}
	EndGlobalSection
EndGlobal
